
Microsoft Visual Studio Solution File, Format Version 12.00
# Visual Studio 15
VisualStudioVersion = 15.0.26730.12
MinimumVisualStudioVersion = 10.0.40219.1
Project("{FAE04EC0-301F-11D3-BF4B-00C04F79EFBC}") = "xPlatAuction.iOS", "xPlatAuction\xPlatAuction.iOS\xPlatAuction.iOS.csproj", "{E9D272F1-672C-464D-A099-4057640DD3DE}"
EndProject
Project("{FAE04EC0-301F-11D3-BF4B-00C04F79EFBC}") = "xPlatAuction.Android", "xPlatAuction\xPlatAuction.Android\xPlatAuction.Android.csproj", "{027493A4-510A-4BD1-A995-B389B2E20772}"
EndProject
Project("{FAE04EC0-301F-11D3-BF4B-00C04F79EFBC}") = "xPlatAuction", "xPlatAuction\xPlatAuction\xPlatAuction.csproj", "{07029775-EEE4-49B5-A67E-95BFB32E8105}"
EndProject
Project("{FAE04EC0-301F-11D3-BF4B-00C04F79EFBC}") = "xPlatAuction.Backend", "xPlatAuction.Backend\xPlatAuction.Backend.csproj", "{4DCF46B9-5386-49B2-8937-030F4F13C48E}"
EndProject
Global
	GlobalSection(SolutionConfigurationPlatforms) = preSolution
		Ad-Hoc|Any CPU = Ad-Hoc|Any CPU
		Ad-Hoc|ARM = Ad-Hoc|ARM
		Ad-Hoc|iPhone = Ad-Hoc|iPhone
		Ad-Hoc|iPhoneSimulator = Ad-Hoc|iPhoneSimulator
		Ad-Hoc|Mixed Platforms = Ad-Hoc|Mixed Platforms
		Ad-Hoc|x86 = Ad-Hoc|x86
		AppStore|Any CPU = AppStore|Any CPU
		AppStore|ARM = AppStore|ARM
		AppStore|iPhone = AppStore|iPhone
		AppStore|iPhoneSimulator = AppStore|iPhoneSimulator
		AppStore|Mixed Platforms = AppStore|Mixed Platforms
		AppStore|x86 = AppStore|x86
		Debug|Any CPU = Debug|Any CPU
		Debug|ARM = Debug|ARM
		Debug|iPhone = Debug|iPhone
		Debug|iPhoneSimulator = Debug|iPhoneSimulator
		Debug|Mixed Platforms = Debug|Mixed Platforms
		Debug|x86 = Debug|x86
		Release|Any CPU = Release|Any CPU
		Release|ARM = Release|ARM
		Release|iPhone = Release|iPhone
		Release|iPhoneSimulator = Release|iPhoneSimulator
		Release|Mixed Platforms = Release|Mixed Platforms
		Release|x86 = Release|x86
	EndGlobalSection
	GlobalSection(ProjectConfigurationPlatforms) = postSolution
		{E9D272F1-672C-464D-A099-4057640DD3DE}.Ad-Hoc|Any CPU.ActiveCfg = Ad-Hoc|iPhone
		{E9D272F1-672C-464D-A099-4057640DD3DE}.Ad-Hoc|ARM.ActiveCfg = Ad-Hoc|iPhone
		{E9D272F1-672C-464D-A099-4057640DD3DE}.Ad-Hoc|iPhone.ActiveCfg = Ad-Hoc|iPhone
		{E9D272F1-672C-464D-A099-4057640DD3DE}.Ad-Hoc|iPhone.Build.0 = Ad-Hoc|iPhone
		{E9D272F1-672C-464D-A099-4057640DD3DE}.Ad-Hoc|iPhoneSimulator.ActiveCfg = Ad-Hoc|iPhoneSimulator
		{E9D272F1-672C-464D-A099-4057640DD3DE}.Ad-Hoc|iPhoneSimulator.Build.0 = Ad-Hoc|iPhoneSimulator
		{E9D272F1-672C-464D-A099-4057640DD3DE}.Ad-Hoc|Mixed Platforms.ActiveCfg = Ad-Hoc|iPhone
		{E9D272F1-672C-464D-A099-4057640DD3DE}.Ad-Hoc|Mixed Platforms.Build.0 = Ad-Hoc|iPhone
		{E9D272F1-672C-464D-A099-4057640DD3DE}.Ad-Hoc|x86.ActiveCfg = Ad-Hoc|iPhone
		{E9D272F1-672C-464D-A099-4057640DD3DE}.AppStore|Any CPU.ActiveCfg = AppStore|iPhone
		{E9D272F1-672C-464D-A099-4057640DD3DE}.AppStore|ARM.ActiveCfg = AppStore|iPhone
		{E9D272F1-672C-464D-A099-4057640DD3DE}.AppStore|iPhone.ActiveCfg = AppStore|iPhone
		{E9D272F1-672C-464D-A099-4057640DD3DE}.AppStore|iPhone.Build.0 = AppStore|iPhone
		{E9D272F1-672C-464D-A099-4057640DD3DE}.AppStore|iPhoneSimulator.ActiveCfg = AppStore|iPhoneSimulator
		{E9D272F1-672C-464D-A099-4057640DD3DE}.AppStore|iPhoneSimulator.Build.0 = AppStore|iPhoneSimulator
		{E9D272F1-672C-464D-A099-4057640DD3DE}.AppStore|Mixed Platforms.ActiveCfg = AppStore|iPhone
		{E9D272F1-672C-464D-A099-4057640DD3DE}.AppStore|Mixed Platforms.Build.0 = AppStore|iPhone
		{E9D272F1-672C-464D-A099-4057640DD3DE}.AppStore|x86.ActiveCfg = AppStore|iPhone
		{E9D272F1-672C-464D-A099-4057640DD3DE}.Debug|Any CPU.ActiveCfg = Debug|iPhone
		{E9D272F1-672C-464D-A099-4057640DD3DE}.Debug|ARM.ActiveCfg = Debug|iPhone
		{E9D272F1-672C-464D-A099-4057640DD3DE}.Debug|iPhone.ActiveCfg = Debug|iPhone
		{E9D272F1-672C-464D-A099-4057640DD3DE}.Debug|iPhone.Build.0 = Debug|iPhone
		{E9D272F1-672C-464D-A099-4057640DD3DE}.Debug|iPhoneSimulator.ActiveCfg = Debug|iPhoneSimulator
		{E9D272F1-672C-464D-A099-4057640DD3DE}.Debug|iPhoneSimulator.Build.0 = Debug|iPhoneSimulator
		{E9D272F1-672C-464D-A099-4057640DD3DE}.Debug|Mixed Platforms.ActiveCfg = Debug|iPhone
		{E9D272F1-672C-464D-A099-4057640DD3DE}.Debug|Mixed Platforms.Build.0 = Debug|iPhone
		{E9D272F1-672C-464D-A099-4057640DD3DE}.Debug|x86.ActiveCfg = Debug|iPhone
		{E9D272F1-672C-464D-A099-4057640DD3DE}.Release|Any CPU.ActiveCfg = Release|iPhone
		{E9D272F1-672C-464D-A099-4057640DD3DE}.Release|ARM.ActiveCfg = Release|iPhone
		{E9D272F1-672C-464D-A099-4057640DD3DE}.Release|iPhone.ActiveCfg = Release|iPhone
		{E9D272F1-672C-464D-A099-4057640DD3DE}.Release|iPhone.Build.0 = Release|iPhone
		{E9D272F1-672C-464D-A099-4057640DD3DE}.Release|iPhoneSimulator.ActiveCfg = Release|iPhoneSimulator
		{E9D272F1-672C-464D-A099-4057640DD3DE}.Release|iPhoneSimulator.Build.0 = Release|iPhoneSimulator
		{E9D272F1-672C-464D-A099-4057640DD3DE}.Release|Mixed Platforms.ActiveCfg = Release|iPhone
		{E9D272F1-672C-464D-A099-4057640DD3DE}.Release|Mixed Platforms.Build.0 = Release|iPhone
		{E9D272F1-672C-464D-A099-4057640DD3DE}.Release|x86.ActiveCfg = Release|iPhone
		{027493A4-510A-4BD1-A995-B389B2E20772}.Ad-Hoc|Any CPU.ActiveCfg = Release|Any CPU
		{027493A4-510A-4BD1-A995-B389B2E20772}.Ad-Hoc|Any CPU.Build.0 = Release|Any CPU
		{027493A4-510A-4BD1-A995-B389B2E20772}.Ad-Hoc|Any CPU.Deploy.0 = Release|Any CPU
		{027493A4-510A-4BD1-A995-B389B2E20772}.Ad-Hoc|ARM.ActiveCfg = Release|Any CPU
		{027493A4-510A-4BD1-A995-B389B2E20772}.Ad-Hoc|iPhone.ActiveCfg = Release|Any CPU
		{027493A4-510A-4BD1-A995-B389B2E20772}.Ad-Hoc|iPhoneSimulator.ActiveCfg = Release|Any CPU
		{027493A4-510A-4BD1-A995-B389B2E20772}.Ad-Hoc|Mixed Platforms.ActiveCfg = Release|Any CPU
		{027493A4-510A-4BD1-A995-B389B2E20772}.Ad-Hoc|Mixed Platforms.Build.0 = Release|Any CPU
		{027493A4-510A-4BD1-A995-B389B2E20772}.Ad-Hoc|Mixed Platforms.Deploy.0 = Release|Any CPU
		{027493A4-510A-4BD1-A995-B389B2E20772}.Ad-Hoc|x86.ActiveCfg = Release|Any CPU
		{027493A4-510A-4BD1-A995-B389B2E20772}.AppStore|Any CPU.ActiveCfg = Release|Any CPU
		{027493A4-510A-4BD1-A995-B389B2E20772}.AppStore|Any CPU.Build.0 = Release|Any CPU
		{027493A4-510A-4BD1-A995-B389B2E20772}.AppStore|Any CPU.Deploy.0 = Release|Any CPU
		{027493A4-510A-4BD1-A995-B389B2E20772}.AppStore|ARM.ActiveCfg = Release|Any CPU
		{027493A4-510A-4BD1-A995-B389B2E20772}.AppStore|iPhone.ActiveCfg = Release|Any CPU
		{027493A4-510A-4BD1-A995-B389B2E20772}.AppStore|iPhoneSimulator.ActiveCfg = Release|Any CPU
		{027493A4-510A-4BD1-A995-B389B2E20772}.AppStore|Mixed Platforms.ActiveCfg = Release|Any CPU
		{027493A4-510A-4BD1-A995-B389B2E20772}.AppStore|Mixed Platforms.Build.0 = Release|Any CPU
		{027493A4-510A-4BD1-A995-B389B2E20772}.AppStore|Mixed Platforms.Deploy.0 = Release|Any CPU
		{027493A4-510A-4BD1-A995-B389B2E20772}.AppStore|x86.ActiveCfg = Release|Any CPU
		{027493A4-510A-4BD1-A995-B389B2E20772}.Debug|Any CPU.ActiveCfg = Debug|Any CPU
		{027493A4-510A-4BD1-A995-B389B2E20772}.Debug|Any CPU.Build.0 = Debug|Any CPU
		{027493A4-510A-4BD1-A995-B389B2E20772}.Debug|Any CPU.Deploy.0 = Debug|Any CPU
		{027493A4-510A-4BD1-A995-B389B2E20772}.Debug|ARM.ActiveCfg = Debug|Any CPU
		{027493A4-510A-4BD1-A995-B389B2E20772}.Debug|iPhone.ActiveCfg = Debug|Any CPU
		{027493A4-510A-4BD1-A995-B389B2E20772}.Debug|iPhoneSimulator.ActiveCfg = Debug|Any CPU
		{027493A4-510A-4BD1-A995-B389B2E20772}.Debug|Mixed Platforms.ActiveCfg = Debug|Any CPU
		{027493A4-510A-4BD1-A995-B389B2E20772}.Debug|Mixed Platforms.Build.0 = Debug|Any CPU
		{027493A4-510A-4BD1-A995-B389B2E20772}.Debug|Mixed Platforms.Deploy.0 = Debug|Any CPU
		{027493A4-510A-4BD1-A995-B389B2E20772}.Debug|x86.ActiveCfg = Debug|Any CPU
		{027493A4-510A-4BD1-A995-B389B2E20772}.Release|Any CPU.ActiveCfg = Release|Any CPU
		{027493A4-510A-4BD1-A995-B389B2E20772}.Release|Any CPU.Build.0 = Release|Any CPU
		{027493A4-510A-4BD1-A995-B389B2E20772}.Release|Any CPU.Deploy.0 = Release|Any CPU
		{027493A4-510A-4BD1-A995-B389B2E20772}.Release|ARM.ActiveCfg = Release|Any CPU
		{027493A4-510A-4BD1-A995-B389B2E20772}.Release|iPhone.ActiveCfg = Release|Any CPU
		{027493A4-510A-4BD1-A995-B389B2E20772}.Release|iPhoneSimulator.ActiveCfg = Release|Any CPU
		{027493A4-510A-4BD1-A995-B389B2E20772}.Release|Mixed Platforms.ActiveCfg = Release|Any CPU
		{027493A4-510A-4BD1-A995-B389B2E20772}.Release|Mixed Platforms.Build.0 = Release|Any CPU
		{027493A4-510A-4BD1-A995-B389B2E20772}.Release|Mixed Platforms.Deploy.0 = Release|Any CPU
		{027493A4-510A-4BD1-A995-B389B2E20772}.Release|x86.ActiveCfg = Release|Any CPU
		{07029775-EEE4-49B5-A67E-95BFB32E8105}.Ad-Hoc|Any CPU.ActiveCfg = Release|Any CPU
		{07029775-EEE4-49B5-A67E-95BFB32E8105}.Ad-Hoc|Any CPU.Build.0 = Release|Any CPU
		{07029775-EEE4-49B5-A67E-95BFB32E8105}.Ad-Hoc|ARM.ActiveCfg = Release|Any CPU
		{07029775-EEE4-49B5-A67E-95BFB32E8105}.Ad-Hoc|iPhone.ActiveCfg = Release|Any CPU
		{07029775-EEE4-49B5-A67E-95BFB32E8105}.Ad-Hoc|iPhoneSimulator.ActiveCfg = Release|Any CPU
		{07029775-EEE4-49B5-A67E-95BFB32E8105}.Ad-Hoc|Mixed Platforms.ActiveCfg = Release|Any CPU
		{07029775-EEE4-49B5-A67E-95BFB32E8105}.Ad-Hoc|Mixed Platforms.Build.0 = Release|Any CPU
		{07029775-EEE4-49B5-A67E-95BFB32E8105}.Ad-Hoc|x86.ActiveCfg = Release|Any CPU
		{07029775-EEE4-49B5-A67E-95BFB32E8105}.AppStore|Any CPU.ActiveCfg = Release|Any CPU
		{07029775-EEE4-49B5-A67E-95BFB32E8105}.AppStore|Any CPU.Build.0 = Release|Any CPU
		{07029775-EEE4-49B5-A67E-95BFB32E8105}.AppStore|ARM.ActiveCfg = Release|Any CPU
		{07029775-EEE4-49B5-A67E-95BFB32E8105}.AppStore|iPhone.ActiveCfg = Release|Any CPU
		{07029775-EEE4-49B5-A67E-95BFB32E8105}.AppStore|iPhoneSimulator.ActiveCfg = Release|Any CPU
		{07029775-EEE4-49B5-A67E-95BFB32E8105}.AppStore|Mixed Platforms.ActiveCfg = Release|Any CPU
		{07029775-EEE4-49B5-A67E-95BFB32E8105}.AppStore|Mixed Platforms.Build.0 = Release|Any CPU
		{07029775-EEE4-49B5-A67E-95BFB32E8105}.AppStore|x86.ActiveCfg = Release|Any CPU
		{07029775-EEE4-49B5-A67E-95BFB32E8105}.Debug|Any CPU.ActiveCfg = Debug|Any CPU
		{07029775-EEE4-49B5-A67E-95BFB32E8105}.Debug|Any CPU.Build.0 = Debug|Any CPU
		{07029775-EEE4-49B5-A67E-95BFB32E8105}.Debug|ARM.ActiveCfg = Debug|Any CPU
		{07029775-EEE4-49B5-A67E-95BFB32E8105}.Debug|iPhone.ActiveCfg = Debug|Any CPU
		{07029775-EEE4-49B5-A67E-95BFB32E8105}.Debug|iPhoneSimulator.ActiveCfg = Debug|Any CPU
		{07029775-EEE4-49B5-A67E-95BFB32E8105}.Debug|Mixed Platforms.ActiveCfg = Debug|Any CPU
		{07029775-EEE4-49B5-A67E-95BFB32E8105}.Debug|Mixed Platforms.Build.0 = Debug|Any CPU
		{07029775-EEE4-49B5-A67E-95BFB32E8105}.Debug|x86.ActiveCfg = Debug|Any CPU
		{07029775-EEE4-49B5-A67E-95BFB32E8105}.Release|Any CPU.ActiveCfg = Release|Any CPU
		{07029775-EEE4-49B5-A67E-95BFB32E8105}.Release|Any CPU.Build.0 = Release|Any CPU
		{07029775-EEE4-49B5-A67E-95BFB32E8105}.Release|ARM.ActiveCfg = Release|Any CPU
		{07029775-EEE4-49B5-A67E-95BFB32E8105}.Release|iPhone.ActiveCfg = Release|Any CPU
		{07029775-EEE4-49B5-A67E-95BFB32E8105}.Release|iPhoneSimulator.ActiveCfg = Release|Any CPU
		{07029775-EEE4-49B5-A67E-95BFB32E8105}.Release|Mixed Platforms.ActiveCfg = Release|Any CPU
		{07029775-EEE4-49B5-A67E-95BFB32E8105}.Release|Mixed Platforms.Build.0 = Release|Any CPU
		{07029775-EEE4-49B5-A67E-95BFB32E8105}.Release|x86.ActiveCfg = Release|Any CPU
		{4DCF46B9-5386-49B2-8937-030F4F13C48E}.Ad-Hoc|Any CPU.ActiveCfg = Release|Any CPU
		{4DCF46B9-5386-49B2-8937-030F4F13C48E}.Ad-Hoc|Any CPU.Build.0 = Release|Any CPU
		{4DCF46B9-5386-49B2-8937-030F4F13C48E}.Ad-Hoc|ARM.ActiveCfg = Release|Any CPU
		{4DCF46B9-5386-49B2-8937-030F4F13C48E}.Ad-Hoc|iPhone.ActiveCfg = Release|Any CPU
		{4DCF46B9-5386-49B2-8937-030F4F13C48E}.Ad-Hoc|iPhoneSimulator.ActiveCfg = Release|Any CPU
		{4DCF46B9-5386-49B2-8937-030F4F13C48E}.Ad-Hoc|Mixed Platforms.ActiveCfg = Release|Any CPU
		{4DCF46B9-5386-49B2-8937-030F4F13C48E}.Ad-Hoc|Mixed Platforms.Build.0 = Release|Any CPU
		{4DCF46B9-5386-49B2-8937-030F4F13C48E}.Ad-Hoc|x86.ActiveCfg = Release|Any CPU
		{4DCF46B9-5386-49B2-8937-030F4F13C48E}.AppStore|Any CPU.ActiveCfg = Release|Any CPU
		{4DCF46B9-5386-49B2-8937-030F4F13C48E}.AppStore|Any CPU.Build.0 = Release|Any CPU
		{4DCF46B9-5386-49B2-8937-030F4F13C48E}.AppStore|ARM.ActiveCfg = Release|Any CPU
		{4DCF46B9-5386-49B2-8937-030F4F13C48E}.AppStore|iPhone.ActiveCfg = Release|Any CPU
		{4DCF46B9-5386-49B2-8937-030F4F13C48E}.AppStore|iPhoneSimulator.ActiveCfg = Release|Any CPU
		{4DCF46B9-5386-49B2-8937-030F4F13C48E}.AppStore|Mixed Platforms.ActiveCfg = Release|Any CPU
		{4DCF46B9-5386-49B2-8937-030F4F13C48E}.AppStore|Mixed Platforms.Build.0 = Release|Any CPU
		{4DCF46B9-5386-49B2-8937-030F4F13C48E}.AppStore|x86.ActiveCfg = Release|Any CPU
		{4DCF46B9-5386-49B2-8937-030F4F13C48E}.Debug|Any CPU.ActiveCfg = Debug|Any CPU
		{4DCF46B9-5386-49B2-8937-030F4F13C48E}.Debug|Any CPU.Build.0 = Debug|Any CPU
		{4DCF46B9-5386-49B2-8937-030F4F13C48E}.Debug|ARM.ActiveCfg = Debug|Any CPU
		{4DCF46B9-5386-49B2-8937-030F4F13C48E}.Debug|iPhone.ActiveCfg = Debug|Any CPU
		{4DCF46B9-5386-49B2-8937-030F4F13C48E}.Debug|iPhoneSimulator.ActiveCfg = Debug|Any CPU
		{4DCF46B9-5386-49B2-8937-030F4F13C48E}.Debug|Mixed Platforms.ActiveCfg = Debug|Any CPU
		{4DCF46B9-5386-49B2-8937-030F4F13C48E}.Debug|Mixed Platforms.Build.0 = Debug|Any CPU
		{4DCF46B9-5386-49B2-8937-030F4F13C48E}.Debug|x86.ActiveCfg = Debug|Any CPU
		{4DCF46B9-5386-49B2-8937-030F4F13C48E}.Release|Any CPU.ActiveCfg = Release|Any CPU
		{4DCF46B9-5386-49B2-8937-030F4F13C48E}.Release|Any CPU.Build.0 = Release|Any CPU
		{4DCF46B9-5386-49B2-8937-030F4F13C48E}.Release|ARM.ActiveCfg = Release|Any CPU
		{4DCF46B9-5386-49B2-8937-030F4F13C48E}.Release|iPhone.ActiveCfg = Release|Any CPU
		{4DCF46B9-5386-49B2-8937-030F4F13C48E}.Release|iPhoneSimulator.ActiveCfg = Release|Any CPU
		{4DCF46B9-5386-49B2-8937-030F4F13C48E}.Release|Mixed Platforms.ActiveCfg = Release|Any CPU
		{4DCF46B9-5386-49B2-8937-030F4F13C48E}.Release|Mixed Platforms.Build.0 = Release|Any CPU
		{4DCF46B9-5386-49B2-8937-030F4F13C48E}.Release|x86.ActiveCfg = Release|Any CPU
	EndGlobalSection
	GlobalSection(SolutionProperties) = preSolution
		HideSolutionNode = FALSE
	EndGlobalSection
	GlobalSection(ExtensibilityGlobals) = postSolution
		SolutionGuid = {993A8714-FAEB-4342-86D2-DC6B3E36DFDD}
	EndGlobalSection
EndGlobal
